
Microsoft Visual Studio Solution File, Format Version 12.00
# Visual Studio Version 17
VisualStudioVersion = 17.0.31612.314
MinimumVisualStudioVersion = 10.0.40219.1
Project("{FAE04EC0-301F-11D3-BF4B-00C04F79EFBC}") = "FlowchartPractice", "FlowchartPractice.csproj", "{67B862EA-70C9-4578-B48F-2AAFBEFE4BD9}"
EndProject
Global
	GlobalSection(SolutionConfigurationPlatforms) = preSolution
		Debug|Any CPU = Debug|Any CPU
		Release|Any CPU = Release|Any CPU
	EndGlobalSection
	GlobalSection(ProjectConfigurationPlatforms) = postSolution
		{67B862EA-70C9-4578-B48F-2AAFBEFE4BD9}.Debug|Any CPU.ActiveCfg = Debug|Any CPU
		{67B862EA-70C9-4578-B48F-2AAFBEFE4BD9}.Debug|Any CPU.Build.0 = Debug|Any CPU
		{67B862EA-70C9-4578-B48F-2AAFBEFE4BD9}.Release|Any CPU.ActiveCfg = Release|Any CPU
		{67B862EA-70C9-4578-B48F-2AAFBEFE4BD9}.Release|Any CPU.Build.0 = Release|Any CPU
	EndGlobalSection
	GlobalSection(SolutionProperties) = preSolution
		HideSolutionNode = FALSE
	EndGlobalSection
	GlobalSection(ExtensibilityGlobals) = postSolution
		SolutionGuid = {0952B5BD-190D-4911-B3F9-BB4BBC470FA4}
	EndGlobalSection
EndGlobal
